
Microsoft Visual Studio Solution File, Format Version 12.00
# Visual Studio Version 17
VisualStudioVersion = 17.5.33516.290
MinimumVisualStudioVersion = 10.0.40219.1
Project("{9A19103F-16F7-4668-BE54-9A1E7A4F7556}") = "OpenScholarApp", "OpenScholarApp\OpenScholarApp.csproj", "{0FDD6DD2-A700-43E0-A60A-F339798463A4}"
EndProject
Project("{9A19103F-16F7-4668-BE54-9A1E7A4F7556}") = "OpenScholarApp.Domain", "OpenScholarApp.Domain\OpenScholarApp.Domain.csproj", "{D90BBFFA-10F3-433C-A2E3-01039965CDBF}"
EndProject
Project("{9A19103F-16F7-4668-BE54-9A1E7A4F7556}") = "OpenScholarApp.Data", "OpenScholarApp.Data\OpenScholarApp.Data.csproj", "{F950661B-C1E9-4BB9-995B-19839D65DB90}"
EndProject
Project("{9A19103F-16F7-4668-BE54-9A1E7A4F7556}") = "OpenScholarApp.Dtos", "OpenScholarApp.Dtos\OpenScholarApp.Dtos.csproj", "{E4652524-33F7-4AB1-82BD-F51C96089EA8}"
EndProject
Project("{9A19103F-16F7-4668-BE54-9A1E7A4F7556}") = "OpenScholarApp.Mappers", "OpenScholarApp.Mappers\OpenScholarApp.Mappers.csproj", "{C9461523-2E25-451E-B72F-0863EDB4406E}"
EndProject
Project("{9A19103F-16F7-4668-BE54-9A1E7A4F7556}") = "OpenScholarApp.Services", "OpenScholarApp.Services\OpenScholarApp.Services.csproj", "{07802BEF-A833-453F-B214-3F45132BC444}"
EndProject
Project("{9A19103F-16F7-4668-BE54-9A1E7A4F7556}") = "OpenScholarApp.Helpers", "OpenScholarApp.Helpers\OpenScholarApp.Helpers.csproj", "{1457CA88-4199-4994-9205-538B02A6DB38}"
EndProject
Project("{9A19103F-16F7-4668-BE54-9A1E7A4F7556}") = "OpenScholarApp.Shared", "OpenScholarApp.Shared\OpenScholarApp.Shared.csproj", "{346D2F45-3842-4F90-8E8D-D308E6FE5275}"
EndProject
Global
	GlobalSection(SolutionConfigurationPlatforms) = preSolution
		Debug|Any CPU = Debug|Any CPU
		Release|Any CPU = Release|Any CPU
	EndGlobalSection
	GlobalSection(ProjectConfigurationPlatforms) = postSolution
		{0FDD6DD2-A700-43E0-A60A-F339798463A4}.Debug|Any CPU.ActiveCfg = Debug|Any CPU
		{0FDD6DD2-A700-43E0-A60A-F339798463A4}.Debug|Any CPU.Build.0 = Debug|Any CPU
		{0FDD6DD2-A700-43E0-A60A-F339798463A4}.Release|Any CPU.ActiveCfg = Release|Any CPU
		{0FDD6DD2-A700-43E0-A60A-F339798463A4}.Release|Any CPU.Build.0 = Release|Any CPU
		{D90BBFFA-10F3-433C-A2E3-01039965CDBF}.Debug|Any CPU.ActiveCfg = Debug|Any CPU
		{D90BBFFA-10F3-433C-A2E3-01039965CDBF}.Debug|Any CPU.Build.0 = Debug|Any CPU
		{D90BBFFA-10F3-433C-A2E3-01039965CDBF}.Release|Any CPU.ActiveCfg = Release|Any CPU
		{D90BBFFA-10F3-433C-A2E3-01039965CDBF}.Release|Any CPU.Build.0 = Release|Any CPU
		{F950661B-C1E9-4BB9-995B-19839D65DB90}.Debug|Any CPU.ActiveCfg = Debug|Any CPU
		{F950661B-C1E9-4BB9-995B-19839D65DB90}.Debug|Any CPU.Build.0 = Debug|Any CPU
		{F950661B-C1E9-4BB9-995B-19839D65DB90}.Release|Any CPU.ActiveCfg = Release|Any CPU
		{F950661B-C1E9-4BB9-995B-19839D65DB90}.Release|Any CPU.Build.0 = Release|Any CPU
		{E4652524-33F7-4AB1-82BD-F51C96089EA8}.Debug|Any CPU.ActiveCfg = Debug|Any CPU
		{E4652524-33F7-4AB1-82BD-F51C96089EA8}.Debug|Any CPU.Build.0 = Debug|Any CPU
		{E4652524-33F7-4AB1-82BD-F51C96089EA8}.Release|Any CPU.ActiveCfg = Release|Any CPU
		{E4652524-33F7-4AB1-82BD-F51C96089EA8}.Release|Any CPU.Build.0 = Release|Any CPU
		{C9461523-2E25-451E-B72F-0863EDB4406E}.Debug|Any CPU.ActiveCfg = Debug|Any CPU
		{C9461523-2E25-451E-B72F-0863EDB4406E}.Debug|Any CPU.Build.0 = Debug|Any CPU
		{C9461523-2E25-451E-B72F-0863EDB4406E}.Release|Any CPU.ActiveCfg = Release|Any CPU
		{C9461523-2E25-451E-B72F-0863EDB4406E}.Release|Any CPU.Build.0 = Release|Any CPU
		{07802BEF-A833-453F-B214-3F45132BC444}.Debug|Any CPU.ActiveCfg = Debug|Any CPU
		{07802BEF-A833-453F-B214-3F45132BC444}.Debug|Any CPU.Build.0 = Debug|Any CPU
		{07802BEF-A833-453F-B214-3F45132BC444}.Release|Any CPU.ActiveCfg = Release|Any CPU
		{07802BEF-A833-453F-B214-3F45132BC444}.Release|Any CPU.Build.0 = Release|Any CPU
		{1457CA88-4199-4994-9205-538B02A6DB38}.Debug|Any CPU.ActiveCfg = Debug|Any CPU
		{1457CA88-4199-4994-9205-538B02A6DB38}.Debug|Any CPU.Build.0 = Debug|Any CPU
		{1457CA88-4199-4994-9205-538B02A6DB38}.Release|Any CPU.ActiveCfg = Release|Any CPU
		{1457CA88-4199-4994-9205-538B02A6DB38}.Release|Any CPU.Build.0 = Release|Any CPU
		{346D2F45-3842-4F90-8E8D-D308E6FE5275}.Debug|Any CPU.ActiveCfg = Debug|Any CPU
		{346D2F45-3842-4F90-8E8D-D308E6FE5275}.Debug|Any CPU.Build.0 = Debug|Any CPU
		{346D2F45-3842-4F90-8E8D-D308E6FE5275}.Release|Any CPU.ActiveCfg = Release|Any CPU
		{346D2F45-3842-4F90-8E8D-D308E6FE5275}.Release|Any CPU.Build.0 = Release|Any CPU
	EndGlobalSection
	GlobalSection(SolutionProperties) = preSolution
		HideSolutionNode = FALSE
	EndGlobalSection
	GlobalSection(ExtensibilityGlobals) = postSolution
		SolutionGuid = {5FFA152B-C0D1-4D10-ACAF-DA1ABA6F938A}
	EndGlobalSection
EndGlobal
